// !$*UTF8*$!
{
	archiveVersion = 1;
	classes = {
	};
	objectVersion = 56;
	objects = {

/* Begin PBXBuildFile section */
		7B3B948A295C75C400562D5B /* UIColor+.swift in Sources */ = {isa = PBXBuildFile; fileRef = 7B3B9489295C75C400562D5B /* UIColor+.swift */; };
		7B47FA1C29631A1500FD9664 /* CarouselView.swift in Sources */ = {isa = PBXBuildFile; fileRef = 7B47FA1B29631A1500FD9664 /* CarouselView.swift */; };
		7B47FA4B2963517E00FD9664 /* CarouselCell.swift in Sources */ = {isa = PBXBuildFile; fileRef = 7B47FA4A2963517E00FD9664 /* CarouselCell.swift */; };
		7B47FA4D296352B600FD9664 /* CarouselModel.swift in Sources */ = {isa = PBXBuildFile; fileRef = 7B47FA4C296352B600FD9664 /* CarouselModel.swift */; };
		7B47FA4F2963902600FD9664 /* ModelDefault.swift in Sources */ = {isa = PBXBuildFile; fileRef = 7B47FA4E2963902600FD9664 /* ModelDefault.swift */; };
		7B61AA64295B1998007C5802 /* AboutModel.swift in Sources */ = {isa = PBXBuildFile; fileRef = 7B61AA63295B1998007C5802 /* AboutModel.swift */; };
		7B61AA66295B1D1B007C5802 /* MovesCharacteristics.swift in Sources */ = {isa = PBXBuildFile; fileRef = 7B61AA65295B1D1B007C5802 /* MovesCharacteristics.swift */; };
		7BACC2CE294A61CF001C7E1F /* StatsView.swift in Sources */ = {isa = PBXBuildFile; fileRef = 7BACC2CD294A61CF001C7E1F /* StatsView.swift */; };
		7BACC2D0294A621D001C7E1F /* StatsDetailsView.swift in Sources */ = {isa = PBXBuildFile; fileRef = 7BACC2CF294A621D001C7E1F /* StatsDetailsView.swift */; };
		7BDF67CB2930F24E00FB15A6 /* AppDelegate.swift in Sources */ = {isa = PBXBuildFile; fileRef = 7BDF67CA2930F24E00FB15A6 /* AppDelegate.swift */; };
		7BDF67CF2930F24E00FB15A6 /* ViewController.swift in Sources */ = {isa = PBXBuildFile; fileRef = 7BDF67CE2930F24E00FB15A6 /* ViewController.swift */; };
		7BDF67D42930F24F00FB15A6 /* Assets.xcassets in Resources */ = {isa = PBXBuildFile; fileRef = 7BDF67D32930F24F00FB15A6 /* Assets.xcassets */; };
		7BDF67D72930F24F00FB15A6 /* LaunchScreen.storyboard in Resources */ = {isa = PBXBuildFile; fileRef = 7BDF67D52930F24F00FB15A6 /* LaunchScreen.storyboard */; };
		7BDF67E02930F4A800FB15A6 /* PokemonService.swift in Sources */ = {isa = PBXBuildFile; fileRef = 7BDF67DF2930F4A800FB15A6 /* PokemonService.swift */; };
		7BDF67E32930FD7800FB15A6 /* PokemonsModel.swift in Sources */ = {isa = PBXBuildFile; fileRef = 7BDF67E22930FD7800FB15A6 /* PokemonsModel.swift */; };
		7BDF67E82931050400FB15A6 /* PokemonViewModel.swift in Sources */ = {isa = PBXBuildFile; fileRef = 7BDF67E72931050400FB15A6 /* PokemonViewModel.swift */; };
		7BDF67ED29310C4700FB15A6 /* PokemonTableViewCell.swift in Sources */ = {isa = PBXBuildFile; fileRef = 7BDF67EC29310C4700FB15A6 /* PokemonTableViewCell.swift */; };
		7BE0C1CE294F563500EE0685 /* StatsDetails.swift in Sources */ = {isa = PBXBuildFile; fileRef = 7BE0C1CD294F563500EE0685 /* StatsDetails.swift */; };
		7BE0C1D3294F968100EE0685 /* StatsModel.swift in Sources */ = {isa = PBXBuildFile; fileRef = 7BE0C1D2294F968100EE0685 /* StatsModel.swift */; };
		7BE5BB9E2959E56900211F93 /* AboutView.swift in Sources */ = {isa = PBXBuildFile; fileRef = 7BE5BB9D2959E56900211F93 /* AboutView.swift */; };
		7BE5BBA02959E74C00211F93 /* Characteristics.swift in Sources */ = {isa = PBXBuildFile; fileRef = 7BE5BB9F2959E74C00211F93 /* Characteristics.swift */; };
		7BFE8B232938CEC300F02ABA /* PokemonDetailsViewController.swift in Sources */ = {isa = PBXBuildFile; fileRef = 7BFE8B222938CEC300F02ABA /* PokemonDetailsViewController.swift */; };
		7BFE8B252938D47100F02ABA /* PokemonDetailsViewModel.swift in Sources */ = {isa = PBXBuildFile; fileRef = 7BFE8B242938D47100F02ABA /* PokemonDetailsViewModel.swift */; };
		7BFE8B2C293A32E200F02ABA /* PokemonDetailsService.swift in Sources */ = {isa = PBXBuildFile; fileRef = 7BFE8B2B293A32E200F02ABA /* PokemonDetailsService.swift */; };
		7BFE8B2F293A45B500F02ABA /* PokemonDetailsModel.swift in Sources */ = {isa = PBXBuildFile; fileRef = 7BFE8B2E293A45B500F02ABA /* PokemonDetailsModel.swift */; };
		F2A58C2455DDE84213A95ECD /* Pods_Pokemon.framework in Frameworks */ = {isa = PBXBuildFile; fileRef = 0FFA133303C8576B64E6C7D3 /* Pods_Pokemon.framework */; };
/* End PBXBuildFile section */

/* Begin PBXFileReference section */
		0FFA133303C8576B64E6C7D3 /* Pods_Pokemon.framework */ = {isa = PBXFileReference; explicitFileType = wrapper.framework; includeInIndex = 0; path = Pods_Pokemon.framework; sourceTree = BUILT_PRODUCTS_DIR; };
		1C7EB92AD365B026E26C7444 /* Pods-Pokemon.release.xcconfig */ = {isa = PBXFileReference; includeInIndex = 1; lastKnownFileType = text.xcconfig; name = "Pods-Pokemon.release.xcconfig"; path = "Target Support Files/Pods-Pokemon/Pods-Pokemon.release.xcconfig"; sourceTree = "<group>"; };
		7B3B9489295C75C400562D5B /* UIColor+.swift */ = {isa = PBXFileReference; lastKnownFileType = sourcecode.swift; path = "UIColor+.swift"; sourceTree = "<group>"; };
		7B47FA1B29631A1500FD9664 /* CarouselView.swift */ = {isa = PBXFileReference; lastKnownFileType = sourcecode.swift; path = CarouselView.swift; sourceTree = "<group>"; };
		7B47FA4A2963517E00FD9664 /* CarouselCell.swift */ = {isa = PBXFileReference; lastKnownFileType = sourcecode.swift; path = CarouselCell.swift; sourceTree = "<group>"; };
		7B47FA4C296352B600FD9664 /* CarouselModel.swift */ = {isa = PBXFileReference; lastKnownFileType = sourcecode.swift; path = CarouselModel.swift; sourceTree = "<group>"; };
		7B47FA4E2963902600FD9664 /* ModelDefault.swift */ = {isa = PBXFileReference; lastKnownFileType = sourcecode.swift; path = ModelDefault.swift; sourceTree = "<group>"; };
		7B61AA63295B1998007C5802 /* AboutModel.swift */ = {isa = PBXFileReference; lastKnownFileType = sourcecode.swift; path = AboutModel.swift; sourceTree = "<group>"; };
		7B61AA65295B1D1B007C5802 /* MovesCharacteristics.swift */ = {isa = PBXFileReference; lastKnownFileType = sourcecode.swift; path = MovesCharacteristics.swift; sourceTree = "<group>"; };
		7BACC2CD294A61CF001C7E1F /* StatsView.swift */ = {isa = PBXFileReference; lastKnownFileType = sourcecode.swift; path = StatsView.swift; sourceTree = "<group>"; };
		7BACC2CF294A621D001C7E1F /* StatsDetailsView.swift */ = {isa = PBXFileReference; lastKnownFileType = sourcecode.swift; path = StatsDetailsView.swift; sourceTree = "<group>"; };
		7BDF67C72930F24E00FB15A6 /* Pokemon.app */ = {isa = PBXFileReference; explicitFileType = wrapper.application; includeInIndex = 0; path = Pokemon.app; sourceTree = BUILT_PRODUCTS_DIR; };
		7BDF67CA2930F24E00FB15A6 /* AppDelegate.swift */ = {isa = PBXFileReference; lastKnownFileType = sourcecode.swift; path = AppDelegate.swift; sourceTree = "<group>"; };
		7BDF67CE2930F24E00FB15A6 /* ViewController.swift */ = {isa = PBXFileReference; lastKnownFileType = sourcecode.swift; path = ViewController.swift; sourceTree = "<group>"; };
		7BDF67D32930F24F00FB15A6 /* Assets.xcassets */ = {isa = PBXFileReference; lastKnownFileType = folder.assetcatalog; path = Assets.xcassets; sourceTree = "<group>"; };
		7BDF67D62930F24F00FB15A6 /* Base */ = {isa = PBXFileReference; lastKnownFileType = file.storyboard; name = Base; path = Base.lproj/LaunchScreen.storyboard; sourceTree = "<group>"; };
		7BDF67D82930F24F00FB15A6 /* Info.plist */ = {isa = PBXFileReference; lastKnownFileType = text.plist.xml; path = Info.plist; sourceTree = "<group>"; };
		7BDF67DF2930F4A800FB15A6 /* PokemonService.swift */ = {isa = PBXFileReference; lastKnownFileType = sourcecode.swift; path = PokemonService.swift; sourceTree = "<group>"; };
		7BDF67E22930FD7800FB15A6 /* PokemonsModel.swift */ = {isa = PBXFileReference; lastKnownFileType = sourcecode.swift; path = PokemonsModel.swift; sourceTree = "<group>"; };
		7BDF67E72931050400FB15A6 /* PokemonViewModel.swift */ = {isa = PBXFileReference; lastKnownFileType = sourcecode.swift; path = PokemonViewModel.swift; sourceTree = "<group>"; };
		7BDF67EC29310C4700FB15A6 /* PokemonTableViewCell.swift */ = {isa = PBXFileReference; lastKnownFileType = sourcecode.swift; path = PokemonTableViewCell.swift; sourceTree = "<group>"; };
		7BE0C1CD294F563500EE0685 /* StatsDetails.swift */ = {isa = PBXFileReference; lastKnownFileType = sourcecode.swift; path = StatsDetails.swift; sourceTree = "<group>"; };
		7BE0C1D2294F968100EE0685 /* StatsModel.swift */ = {isa = PBXFileReference; lastKnownFileType = sourcecode.swift; path = StatsModel.swift; sourceTree = "<group>"; };
		7BE5BB9D2959E56900211F93 /* AboutView.swift */ = {isa = PBXFileReference; lastKnownFileType = sourcecode.swift; path = AboutView.swift; sourceTree = "<group>"; };
		7BE5BB9F2959E74C00211F93 /* Characteristics.swift */ = {isa = PBXFileReference; lastKnownFileType = sourcecode.swift; path = Characteristics.swift; sourceTree = "<group>"; };
		7BFE8B222938CEC300F02ABA /* PokemonDetailsViewController.swift */ = {isa = PBXFileReference; lastKnownFileType = sourcecode.swift; path = PokemonDetailsViewController.swift; sourceTree = "<group>"; };
		7BFE8B242938D47100F02ABA /* PokemonDetailsViewModel.swift */ = {isa = PBXFileReference; lastKnownFileType = sourcecode.swift; path = PokemonDetailsViewModel.swift; sourceTree = "<group>"; };
		7BFE8B2B293A32E200F02ABA /* PokemonDetailsService.swift */ = {isa = PBXFileReference; lastKnownFileType = sourcecode.swift; path = PokemonDetailsService.swift; sourceTree = "<group>"; };
		7BFE8B2E293A45B500F02ABA /* PokemonDetailsModel.swift */ = {isa = PBXFileReference; lastKnownFileType = sourcecode.swift; path = PokemonDetailsModel.swift; sourceTree = "<group>"; };
		BB248515121FCB5013B7496B /* Pods-Pokemon.debug.xcconfig */ = {isa = PBXFileReference; includeInIndex = 1; lastKnownFileType = text.xcconfig; name = "Pods-Pokemon.debug.xcconfig"; path = "Target Support Files/Pods-Pokemon/Pods-Pokemon.debug.xcconfig"; sourceTree = "<group>"; };
/* End PBXFileReference section */

/* Begin PBXFrameworksBuildPhase section */
		7BDF67C42930F24E00FB15A6 /* Frameworks */ = {
			isa = PBXFrameworksBuildPhase;
			buildActionMask = 2147483647;
			files = (
				F2A58C2455DDE84213A95ECD /* Pods_Pokemon.framework in Frameworks */,
			);
			runOnlyForDeploymentPostprocessing = 0;
		};
/* End PBXFrameworksBuildPhase section */

/* Begin PBXGroup section */
		7B3B9488295C759600562D5B /* Extensions */ = {
			isa = PBXGroup;
			children = (
				7B3B9489295C75C400562D5B /* UIColor+.swift */,
			);
			path = Extensions;
			sourceTree = "<group>";
		};
		7B47FA1A296319FA00FD9664 /* Carrosel */ = {
			isa = PBXGroup;
			children = (
				7B47FA1B29631A1500FD9664 /* CarouselView.swift */,
				7B47FA4A2963517E00FD9664 /* CarouselCell.swift */,
				7B47FA4C296352B600FD9664 /* CarouselModel.swift */,
			);
			path = Carrosel;
			sourceTree = "<group>";
		};
		7B47FA502963905100FD9664 /* Model */ = {
			isa = PBXGroup;
			children = (
				7B47FA4E2963902600FD9664 /* ModelDefault.swift */,
			);
			path = Model;
			sourceTree = "<group>";
		};
		7B61AA62295B1979007C5802 /* Model */ = {
			isa = PBXGroup;
			children = (
				7B61AA63295B1998007C5802 /* AboutModel.swift */,
			);
			path = Model;
			sourceTree = "<group>";
		};
		7BDF67BE2930F24D00FB15A6 = {
			isa = PBXGroup;
			children = (
				7BDF67C92930F24E00FB15A6 /* Pokemon */,
				7BDF67C82930F24E00FB15A6 /* Products */,
				EB67AA8978E694290DD2BFAF /* Pods */,
				860B612AA4B9C8D84FF753A5 /* Frameworks */,
			);
			sourceTree = "<group>";
		};
		7BDF67C82930F24E00FB15A6 /* Products */ = {
			isa = PBXGroup;
			children = (
				7BDF67C72930F24E00FB15A6 /* Pokemon.app */,
			);
			name = Products;
			sourceTree = "<group>";
		};
		7BDF67C92930F24E00FB15A6 /* Pokemon */ = {
			isa = PBXGroup;
			children = (
				7BDF67E4293104B500FB15A6 /* Pokemon */,
				7BDF67CA2930F24E00FB15A6 /* AppDelegate.swift */,
				7BDF67D32930F24F00FB15A6 /* Assets.xcassets */,
				7BDF67D52930F24F00FB15A6 /* LaunchScreen.storyboard */,
				7BDF67D82930F24F00FB15A6 /* Info.plist */,
			);
			path = Pokemon;
			sourceTree = "<group>";
		};
		7BDF67DE2930F48C00FB15A6 /* Service */ = {
			isa = PBXGroup;
			children = (
				7BDF67DF2930F4A800FB15A6 /* PokemonService.swift */,
			);
			path = Service;
			sourceTree = "<group>";
		};
		7BDF67E12930FD6700FB15A6 /* Model */ = {
			isa = PBXGroup;
			children = (
				7BDF67E22930FD7800FB15A6 /* PokemonsModel.swift */,
			);
			path = Model;
			sourceTree = "<group>";
		};
		7BDF67E4293104B500FB15A6 /* Pokemon */ = {
			isa = PBXGroup;
			children = (
				7B47FA502963905100FD9664 /* Model */,
				7B3B9488295C759600562D5B /* Extensions */,
				7BFE8B27293A30B200F02ABA /* Main */,
				7BFE8B26293A30A700F02ABA /* Details */,
			);
			path = Pokemon;
			sourceTree = "<group>";
		};
		7BDF67E5293104CB00FB15A6 /* View */ = {
			isa = PBXGroup;
			children = (
				7BDF67CE2930F24E00FB15A6 /* ViewController.swift */,
			);
			path = View;
			sourceTree = "<group>";
		};
		7BDF67E6293104D900FB15A6 /* ViewModel */ = {
			isa = PBXGroup;
			children = (
				7BDF67E72931050400FB15A6 /* PokemonViewModel.swift */,
			);
			path = ViewModel;
			sourceTree = "<group>";
		};
		7BDF67EB29310C2D00FB15A6 /* Cell */ = {
			isa = PBXGroup;
			children = (
				7BDF67EC29310C4700FB15A6 /* PokemonTableViewCell.swift */,
			);
			path = Cell;
			sourceTree = "<group>";
		};
		7BE0C1CA294F55EF00EE0685 /* Stats */ = {
			isa = PBXGroup;
			children = (
				7BE0C1D1294F966000EE0685 /* Model */,
				7BE0C1CC294F561700EE0685 /* StatsDetails */,
				7BE0C1CB294F560500EE0685 /* View */,
			);
			path = Stats;
			sourceTree = "<group>";
		};
		7BE0C1CB294F560500EE0685 /* View */ = {
			isa = PBXGroup;
			children = (
				7BACC2CD294A61CF001C7E1F /* StatsView.swift */,
			);
			path = View;
			sourceTree = "<group>";
		};
		7BE0C1CC294F561700EE0685 /* StatsDetails */ = {
			isa = PBXGroup;
			children = (
				7BE0C1D0294F568400EE0685 /* View */,
				7BE0C1CF294F567700EE0685 /* Model */,
			);
			path = StatsDetails;
			sourceTree = "<group>";
		};
		7BE0C1CF294F567700EE0685 /* Model */ = {
			isa = PBXGroup;
			children = (
				7BE0C1CD294F563500EE0685 /* StatsDetails.swift */,
			);
			path = Model;
			sourceTree = "<group>";
		};
		7BE0C1D0294F568400EE0685 /* View */ = {
			isa = PBXGroup;
			children = (
				7BACC2CF294A621D001C7E1F /* StatsDetailsView.swift */,
			);
			path = View;
			sourceTree = "<group>";
		};
		7BE0C1D1294F966000EE0685 /* Model */ = {
			isa = PBXGroup;
			children = (
				7BE0C1D2294F968100EE0685 /* StatsModel.swift */,
			);
			path = Model;
			sourceTree = "<group>";
		};
		7BE5BB9C2959E3F700211F93 /* characteristics */ = {
			isa = PBXGroup;
			children = (
				7B61AA62295B1979007C5802 /* Model */,
				7BE5BB9D2959E56900211F93 /* AboutView.swift */,
				7BE5BB9F2959E74C00211F93 /* Characteristics.swift */,
				7B61AA65295B1D1B007C5802 /* MovesCharacteristics.swift */,
			);
			path = characteristics;
			sourceTree = "<group>";
		};
		7BFE8B26293A30A700F02ABA /* Details */ = {
			isa = PBXGroup;
			children = (
				7B47FA1A296319FA00FD9664 /* Carrosel */,
				7BFE8B2D293A45A700F02ABA /* Model */,
				7BFE8B2A293A32C900F02ABA /* Service */,
				7BFE8B29293A32BA00F02ABA /* ViewModel */,
				7BFE8B28293A32A900F02ABA /* View */,
			);
			path = Details;
			sourceTree = "<group>";
		};
		7BFE8B27293A30B200F02ABA /* Main */ = {
			isa = PBXGroup;
			children = (
				7BDF67E12930FD6700FB15A6 /* Model */,
				7BDF67DE2930F48C00FB15A6 /* Service */,
				7BDF67EB29310C2D00FB15A6 /* Cell */,
				7BDF67E6293104D900FB15A6 /* ViewModel */,
				7BDF67E5293104CB00FB15A6 /* View */,
			);
			path = Main;
			sourceTree = "<group>";
		};
		7BFE8B28293A32A900F02ABA /* View */ = {
			isa = PBXGroup;
			children = (
				7BE5BB9C2959E3F700211F93 /* characteristics */,
				7BE0C1CA294F55EF00EE0685 /* Stats */,
				7BFE8B222938CEC300F02ABA /* PokemonDetailsViewController.swift */,
			);
			path = View;
			sourceTree = "<group>";
		};
		7BFE8B29293A32BA00F02ABA /* ViewModel */ = {
			isa = PBXGroup;
			children = (
				7BFE8B242938D47100F02ABA /* PokemonDetailsViewModel.swift */,
			);
			path = ViewModel;
			sourceTree = "<group>";
		};
		7BFE8B2A293A32C900F02ABA /* Service */ = {
			isa = PBXGroup;
			children = (
				7BFE8B2B293A32E200F02ABA /* PokemonDetailsService.swift */,
			);
			path = Service;
			sourceTree = "<group>";
		};
		7BFE8B2D293A45A700F02ABA /* Model */ = {
			isa = PBXGroup;
			children = (
				7BFE8B2E293A45B500F02ABA /* PokemonDetailsModel.swift */,
			);
			path = Model;
			sourceTree = "<group>";
		};
		860B612AA4B9C8D84FF753A5 /* Frameworks */ = {
			isa = PBXGroup;
			children = (
				0FFA133303C8576B64E6C7D3 /* Pods_Pokemon.framework */,
			);
			name = Frameworks;
			sourceTree = "<group>";
		};
		EB67AA8978E694290DD2BFAF /* Pods */ = {
			isa = PBXGroup;
			children = (
				BB248515121FCB5013B7496B /* Pods-Pokemon.debug.xcconfig */,
				1C7EB92AD365B026E26C7444 /* Pods-Pokemon.release.xcconfig */,
			);
			path = Pods;
			sourceTree = "<group>";
		};
/* End PBXGroup section */

/* Begin PBXNativeTarget section */
		7BDF67C62930F24E00FB15A6 /* Pokemon */ = {
			isa = PBXNativeTarget;
			buildConfigurationList = 7BDF67DB2930F24F00FB15A6 /* Build configuration list for PBXNativeTarget "Pokemon" */;
			buildPhases = (
				84D6561FC49D2F583F1B99D7 /* [CP] Check Pods Manifest.lock */,
				7BDF67C32930F24E00FB15A6 /* Sources */,
				7BDF67C42930F24E00FB15A6 /* Frameworks */,
				7BDF67C52930F24E00FB15A6 /* Resources */,
				F6404948406C4F9C010DC6DD /* [CP] Embed Pods Frameworks */,
			);
			buildRules = (
			);
			dependencies = (
			);
			name = Pokemon;
			productName = Pokemon;
			productReference = 7BDF67C72930F24E00FB15A6 /* Pokemon.app */;
			productType = "com.apple.product-type.application";
		};
/* End PBXNativeTarget section */

/* Begin PBXProject section */
		7BDF67BF2930F24D00FB15A6 /* Project object */ = {
			isa = PBXProject;
			attributes = {
				BuildIndependentTargetsInParallel = 1;
				LastSwiftUpdateCheck = 1410;
				LastUpgradeCheck = 1410;
				TargetAttributes = {
					7BDF67C62930F24E00FB15A6 = {
						CreatedOnToolsVersion = 14.1;
					};
				};
			};
			buildConfigurationList = 7BDF67C22930F24D00FB15A6 /* Build configuration list for PBXProject "Pokemon" */;
			compatibilityVersion = "Xcode 14.0";
			developmentRegion = en;
			hasScannedForEncodings = 0;
			knownRegions = (
				en,
				Base,
			);
			mainGroup = 7BDF67BE2930F24D00FB15A6;
			productRefGroup = 7BDF67C82930F24E00FB15A6 /* Products */;
			projectDirPath = "";
			projectRoot = "";
			targets = (
				7BDF67C62930F24E00FB15A6 /* Pokemon */,
			);
		};
/* End PBXProject section */

/* Begin PBXResourcesBuildPhase section */
		7BDF67C52930F24E00FB15A6 /* Resources */ = {
			isa = PBXResourcesBuildPhase;
			buildActionMask = 2147483647;
			files = (
				7BDF67D72930F24F00FB15A6 /* LaunchScreen.storyboard in Resources */,
				7BDF67D42930F24F00FB15A6 /* Assets.xcassets in Resources */,
			);
			runOnlyForDeploymentPostprocessing = 0;
		};
/* End PBXResourcesBuildPhase section */

/* Begin PBXShellScriptBuildPhase section */
		84D6561FC49D2F583F1B99D7 /* [CP] Check Pods Manifest.lock */ = {
			isa = PBXShellScriptBuildPhase;
			buildActionMask = 2147483647;
			files = (
			);
			inputFileListPaths = (
			);
			inputPaths = (
				"${PODS_PODFILE_DIR_PATH}/Podfile.lock",
				"${PODS_ROOT}/Manifest.lock",
			);
			name = "[CP] Check Pods Manifest.lock";
			outputFileListPaths = (
			);
			outputPaths = (
				"$(DERIVED_FILE_DIR)/Pods-Pokemon-checkManifestLockResult.txt",
			);
			runOnlyForDeploymentPostprocessing = 0;
			shellPath = /bin/sh;
			shellScript = "diff \"${PODS_PODFILE_DIR_PATH}/Podfile.lock\" \"${PODS_ROOT}/Manifest.lock\" > /dev/null\nif [ $? != 0 ] ; then\n    # print error to STDERR\n    echo \"error: The sandbox is not in sync with the Podfile.lock. Run 'pod install' or update your CocoaPods installation.\" >&2\n    exit 1\nfi\n# This output is used by Xcode 'outputs' to avoid re-running this script phase.\necho \"SUCCESS\" > \"${SCRIPT_OUTPUT_FILE_0}\"\n";
			showEnvVarsInLog = 0;
		};
		F6404948406C4F9C010DC6DD /* [CP] Embed Pods Frameworks */ = {
			isa = PBXShellScriptBuildPhase;
			buildActionMask = 2147483647;
			files = (
			);
			inputFileListPaths = (
				"${PODS_ROOT}/Target Support Files/Pods-Pokemon/Pods-Pokemon-frameworks-${CONFIGURATION}-input-files.xcfilelist",
			);
			name = "[CP] Embed Pods Frameworks";
			outputFileListPaths = (
				"${PODS_ROOT}/Target Support Files/Pods-Pokemon/Pods-Pokemon-frameworks-${CONFIGURATION}-output-files.xcfilelist",
			);
			runOnlyForDeploymentPostprocessing = 0;
			shellPath = /bin/sh;
			shellScript = "\"${PODS_ROOT}/Target Support Files/Pods-Pokemon/Pods-Pokemon-frameworks.sh\"\n";
			showEnvVarsInLog = 0;
		};
/* End PBXShellScriptBuildPhase section */

/* Begin PBXSourcesBuildPhase section */
		7BDF67C32930F24E00FB15A6 /* Sources */ = {
			isa = PBXSourcesBuildPhase;
			buildActionMask = 2147483647;
			files = (
				7BACC2CE294A61CF001C7E1F /* StatsView.swift in Sources */,
				7BDF67CF2930F24E00FB15A6 /* ViewController.swift in Sources */,
				7BDF67E82931050400FB15A6 /* PokemonViewModel.swift in Sources */,
				7B47FA4F2963902600FD9664 /* ModelDefault.swift in Sources */,
				7B61AA66295B1D1B007C5802 /* MovesCharacteristics.swift in Sources */,
				7BE0C1D3294F968100EE0685 /* StatsModel.swift in Sources */,
				7B47FA4D296352B600FD9664 /* CarouselModel.swift in Sources */,
				7B61AA64295B1998007C5802 /* AboutModel.swift in Sources */,
				7BFE8B2F293A45B500F02ABA /* PokemonDetailsModel.swift in Sources */,
				7BDF67CB2930F24E00FB15A6 /* AppDelegate.swift in Sources */,
				7BFE8B252938D47100F02ABA /* PokemonDetailsViewModel.swift in Sources */,
				7BE0C1CE294F563500EE0685 /* StatsDetails.swift in Sources */,
				7B47FA1C29631A1500FD9664 /* CarouselView.swift in Sources */,
				7BACC2D0294A621D001C7E1F /* StatsDetailsView.swift in Sources */,
				7BDF67ED29310C4700FB15A6 /* PokemonTableViewCell.swift in Sources */,
				7BE5BB9E2959E56900211F93 /* AboutView.swift in Sources */,
				7BFE8B232938CEC300F02ABA /* PokemonDetailsViewController.swift in Sources */,
				7B3B948A295C75C400562D5B /* UIColor+.swift in Sources */,
				7BE5BBA02959E74C00211F93 /* Characteristics.swift in Sources */,
				7BFE8B2C293A32E200F02ABA /* PokemonDetailsService.swift in Sources */,
				7B47FA4B2963517E00FD9664 /* CarouselCell.swift in Sources */,
				7BDF67E02930F4A800FB15A6 /* PokemonService.swift in Sources */,
				7BDF67E32930FD7800FB15A6 /* PokemonsModel.swift in Sources */,
			);
			runOnlyForDeploymentPostprocessing = 0;
		};
/* End PBXSourcesBuildPhase section */

/* Begin PBXVariantGroup section */
		7BDF67D52930F24F00FB15A6 /* LaunchScreen.storyboard */ = {
			isa = PBXVariantGroup;
			children = (
				7BDF67D62930F24F00FB15A6 /* Base */,
			);
			name = LaunchScreen.storyboard;
			sourceTree = "<group>";
		};
/* End PBXVariantGroup section */

/* Begin XCBuildConfiguration section */
		7BDF67D92930F24F00FB15A6 /* Debug */ = {
			isa = XCBuildConfiguration;
			buildSettings = {
				ALWAYS_SEARCH_USER_PATHS = NO;
				CLANG_ANALYZER_NONNULL = YES;
				CLANG_ANALYZER_NUMBER_OBJECT_CONVERSION = YES_AGGRESSIVE;
				CLANG_CXX_LANGUAGE_STANDARD = "gnu++20";
				CLANG_ENABLE_MODULES = YES;
				CLANG_ENABLE_OBJC_ARC = YES;
				CLANG_ENABLE_OBJC_WEAK = YES;
				CLANG_WARN_BLOCK_CAPTURE_AUTORELEASING = YES;
				CLANG_WARN_BOOL_CONVERSION = YES;
				CLANG_WARN_COMMA = YES;
				CLANG_WARN_CONSTANT_CONVERSION = YES;
				CLANG_WARN_DEPRECATED_OBJC_IMPLEMENTATIONS = YES;
				CLANG_WARN_DIRECT_OBJC_ISA_USAGE = YES_ERROR;
				CLANG_WARN_DOCUMENTATION_COMMENTS = YES;
				CLANG_WARN_EMPTY_BODY = YES;
				CLANG_WARN_ENUM_CONVERSION = YES;
				CLANG_WARN_INFINITE_RECURSION = YES;
				CLANG_WARN_INT_CONVERSION = YES;
				CLANG_WARN_NON_LITERAL_NULL_CONVERSION = YES;
				CLANG_WARN_OBJC_IMPLICIT_RETAIN_SELF = YES;
				CLANG_WARN_OBJC_LITERAL_CONVERSION = YES;
				CLANG_WARN_OBJC_ROOT_CLASS = YES_ERROR;
				CLANG_WARN_QUOTED_INCLUDE_IN_FRAMEWORK_HEADER = YES;
				CLANG_WARN_RANGE_LOOP_ANALYSIS = YES;
				CLANG_WARN_STRICT_PROTOTYPES = YES;
				CLANG_WARN_SUSPICIOUS_MOVE = YES;
				CLANG_WARN_UNGUARDED_AVAILABILITY = YES_AGGRESSIVE;
				CLANG_WARN_UNREACHABLE_CODE = YES;
				CLANG_WARN__DUPLICATE_METHOD_MATCH = YES;
				COPY_PHASE_STRIP = NO;
				DEBUG_INFORMATION_FORMAT = dwarf;
				ENABLE_STRICT_OBJC_MSGSEND = YES;
				ENABLE_TESTABILITY = YES;
				GCC_C_LANGUAGE_STANDARD = gnu11;
				GCC_DYNAMIC_NO_PIC = NO;
				GCC_NO_COMMON_BLOCKS = YES;
				GCC_OPTIMIZATION_LEVEL = 0;
				GCC_PREPROCESSOR_DEFINITIONS = (
					"DEBUG=1",
					"$(inherited)",
				);
				GCC_WARN_64_TO_32_BIT_CONVERSION = YES;
				GCC_WARN_ABOUT_RETURN_TYPE = YES_ERROR;
				GCC_WARN_UNDECLARED_SELECTOR = YES;
				GCC_WARN_UNINITIALIZED_AUTOS = YES_AGGRESSIVE;
				GCC_WARN_UNUSED_FUNCTION = YES;
				GCC_WARN_UNUSED_VARIABLE = YES;
				IPHONEOS_DEPLOYMENT_TARGET = 13.6;
				MTL_ENABLE_DEBUG_INFO = INCLUDE_SOURCE;
				MTL_FAST_MATH = YES;
				ONLY_ACTIVE_ARCH = YES;
				SDKROOT = iphoneos;
				SWIFT_ACTIVE_COMPILATION_CONDITIONS = DEBUG;
				SWIFT_OPTIMIZATION_LEVEL = "-Onone";
			};
			name = Debug;
		};
		7BDF67DA2930F24F00FB15A6 /* Release */ = {
			isa = XCBuildConfiguration;
			buildSettings = {
				ALWAYS_SEARCH_USER_PATHS = NO;
				CLANG_ANALYZER_NONNULL = YES;
				CLANG_ANALYZER_NUMBER_OBJECT_CONVERSION = YES_AGGRESSIVE;
				CLANG_CXX_LANGUAGE_STANDARD = "gnu++20";
				CLANG_ENABLE_MODULES = YES;
				CLANG_ENABLE_OBJC_ARC = YES;
				CLANG_ENABLE_OBJC_WEAK = YES;
				CLANG_WARN_BLOCK_CAPTURE_AUTORELEASING = YES;
				CLANG_WARN_BOOL_CONVERSION = YES;
				CLANG_WARN_COMMA = YES;
				CLANG_WARN_CONSTANT_CONVERSION = YES;
				CLANG_WARN_DEPRECATED_OBJC_IMPLEMENTATIONS = YES;
				CLANG_WARN_DIRECT_OBJC_ISA_USAGE = YES_ERROR;
				CLANG_WARN_DOCUMENTATION_COMMENTS = YES;
				CLANG_WARN_EMPTY_BODY = YES;
				CLANG_WARN_ENUM_CONVERSION = YES;
				CLANG_WARN_INFINITE_RECURSION = YES;
				CLANG_WARN_INT_CONVERSION = YES;
				CLANG_WARN_NON_LITERAL_NULL_CONVERSION = YES;
				CLANG_WARN_OBJC_IMPLICIT_RETAIN_SELF = YES;
				CLANG_WARN_OBJC_LITERAL_CONVERSION = YES;
				CLANG_WARN_OBJC_ROOT_CLASS = YES_ERROR;
				CLANG_WARN_QUOTED_INCLUDE_IN_FRAMEWORK_HEADER = YES;
				CLANG_WARN_RANGE_LOOP_ANALYSIS = YES;
				CLANG_WARN_STRICT_PROTOTYPES = YES;
				CLANG_WARN_SUSPICIOUS_MOVE = YES;
				CLANG_WARN_UNGUARDED_AVAILABILITY = YES_AGGRESSIVE;
				CLANG_WARN_UNREACHABLE_CODE = YES;
				CLANG_WARN__DUPLICATE_METHOD_MATCH = YES;
				COPY_PHASE_STRIP = NO;
				DEBUG_INFORMATION_FORMAT = "dwarf-with-dsym";
				ENABLE_NS_ASSERTIONS = NO;
				ENABLE_STRICT_OBJC_MSGSEND = YES;
				GCC_C_LANGUAGE_STANDARD = gnu11;
				GCC_NO_COMMON_BLOCKS = YES;
				GCC_WARN_64_TO_32_BIT_CONVERSION = YES;
				GCC_WARN_ABOUT_RETURN_TYPE = YES_ERROR;
				GCC_WARN_UNDECLARED_SELECTOR = YES;
				GCC_WARN_UNINITIALIZED_AUTOS = YES_AGGRESSIVE;
				GCC_WARN_UNUSED_FUNCTION = YES;
				GCC_WARN_UNUSED_VARIABLE = YES;
				IPHONEOS_DEPLOYMENT_TARGET = 13.6;
				MTL_ENABLE_DEBUG_INFO = NO;
				MTL_FAST_MATH = YES;
				SDKROOT = iphoneos;
				SWIFT_COMPILATION_MODE = wholemodule;
				SWIFT_OPTIMIZATION_LEVEL = "-O";
				VALIDATE_PRODUCT = YES;
			};
			name = Release;
		};
		7BDF67DC2930F24F00FB15A6 /* Debug */ = {
			isa = XCBuildConfiguration;
			baseConfigurationReference = BB248515121FCB5013B7496B /* Pods-Pokemon.debug.xcconfig */;
			buildSettings = {
				ASSETCATALOG_COMPILER_APPICON_NAME = AppIcon;
				ASSETCATALOG_COMPILER_GLOBAL_ACCENT_COLOR_NAME = AccentColor;
				CODE_SIGN_STYLE = Automatic;
				CURRENT_PROJECT_VERSION = 1;
				DEVELOPMENT_TEAM = DDKF9XP3VR;
				GENERATE_INFOPLIST_FILE = YES;
				INFOPLIST_FILE = Pokemon/Info.plist;
				INFOPLIST_KEY_UIApplicationSupportsIndirectInputEvents = YES;
				INFOPLIST_KEY_UILaunchStoryboardName = LaunchScreen;
				INFOPLIST_KEY_UIMainStoryboardFile = "";
				INFOPLIST_KEY_UISupportedInterfaceOrientations_iPad = "UIInterfaceOrientationPortrait UIInterfaceOrientationPortraitUpsideDown UIInterfaceOrientationLandscapeLeft UIInterfaceOrientationLandscapeRight";
				INFOPLIST_KEY_UISupportedInterfaceOrientations_iPhone = "UIInterfaceOrientationPortrait UIInterfaceOrientationLandscapeLeft UIInterfaceOrientationLandscapeRight";
				IPHONEOS_DEPLOYMENT_TARGET = 13.6;
				LD_RUNPATH_SEARCH_PATHS = (
					"$(inherited)",
					"@executable_path/Frameworks",
				);
				MARKETING_VERSION = 1.0;
				PRODUCT_BUNDLE_IDENTIFIER = Jaqueline.Pokemon;
				PRODUCT_NAME = "$(TARGET_NAME)";
				SWIFT_EMIT_LOC_STRINGS = YES;
				SWIFT_VERSION = 5.0;
				TARGETED_DEVICE_FAMILY = "1,2";
			};
			name = Debug;
		};
		7BDF67DD2930F24F00FB15A6 /* Release */ = {
			isa = XCBuildConfiguration;
			baseConfigurationReference = 1C7EB92AD365B026E26C7444 /* Pods-Pokemon.release.xcconfig */;
			buildSettings = {
				ASSETCATALOG_COMPILER_APPICON_NAME = AppIcon;
				ASSETCATALOG_COMPILER_GLOBAL_ACCENT_COLOR_NAME = AccentColor;
				CODE_SIGN_STYLE = Automatic;
				CURRENT_PROJECT_VERSION = 1;
				DEVELOPMENT_TEAM = DDKF9XP3VR;
				GENERATE_INFOPLIST_FILE = YES;
				INFOPLIST_FILE = Pokemon/Info.plist;
				INFOPLIST_KEY_UIApplicationSupportsIndirectInputEvents = YES;
				INFOPLIST_KEY_UILaunchStoryboardName = LaunchScreen;
				INFOPLIST_KEY_UIMainStoryboardFile = "";
				INFOPLIST_KEY_UISupportedInterfaceOrientations_iPad = "UIInterfaceOrientationPortrait UIInterfaceOrientationPortraitUpsideDown UIInterfaceOrientationLandscapeLeft UIInterfaceOrientationLandscapeRight";
				INFOPLIST_KEY_UISupportedInterfaceOrientations_iPhone = "UIInterfaceOrientationPortrait UIInterfaceOrientationLandscapeLeft UIInterfaceOrientationLandscapeRight";
				IPHONEOS_DEPLOYMENT_TARGET = 13.6;
				LD_RUNPATH_SEARCH_PATHS = (
					"$(inherited)",
					"@executable_path/Frameworks",
				);
				MARKETING_VERSION = 1.0;
				PRODUCT_BUNDLE_IDENTIFIER = Jaqueline.Pokemon;
				PRODUCT_NAME = "$(TARGET_NAME)";
				SWIFT_EMIT_LOC_STRINGS = YES;
				SWIFT_VERSION = 5.0;
				TARGETED_DEVICE_FAMILY = "1,2";
			};
			name = Release;
		};
/* End XCBuildConfiguration section */

/* Begin XCConfigurationList section */
		7BDF67C22930F24D00FB15A6 /* Build configuration list for PBXProject "Pokemon" */ = {
			isa = XCConfigurationList;
			buildConfigurations = (
				7BDF67D92930F24F00FB15A6 /* Debug */,
				7BDF67DA2930F24F00FB15A6 /* Release */,
			);
			defaultConfigurationIsVisible = 0;
			defaultConfigurationName = Release;
		};
		7BDF67DB2930F24F00FB15A6 /* Build configuration list for PBXNativeTarget "Pokemon" */ = {
			isa = XCConfigurationList;
			buildConfigurations = (
				7BDF67DC2930F24F00FB15A6 /* Debug */,
				7BDF67DD2930F24F00FB15A6 /* Release */,
			);
			defaultConfigurationIsVisible = 0;
			defaultConfigurationName = Release;
		};
/* End XCConfigurationList section */
	};
	rootObject = 7BDF67BF2930F24D00FB15A6 /* Project object */;
}
